PODS:
  - Alamofire (3.4.0)
  - Keychain (0.2.3)
  - ObjectMapper (1.3.0)
  - SnapKit (0.21.1)

DEPENDENCIES:
  - Alamofire (~> 3.4)
  - Keychain
  - ObjectMapper (~> 1.2)
  - SnapKit

SPEC CHECKSUMS:
  Alamofire: c19a627cefd6a95f840401c49ab1f124e07f54ee
  Keychain: 47ef0c0307b7e5903a8f9bf4e8ef73059239917f
  ObjectMapper: 4eb08a726e9791a93b2632049951b56a7c17e471
  SnapKit: bbad04cb016c7cead63965f16b00c09318d271ee

PODFILE CHECKSUM: 55116648118e4ddf83962b49bb03a18431214180

COCOAPODS: 1.0.1
