// !$*UTF8*$!
{
	archiveVersion = 1;
	classes = {
	};
	objectVersion = 46;
	objects = {

/* Begin PBXBuildFile section */
		6750B8751D50EE4D00A16DBA /* MMClientToken.swift in Sources */ = {isa = PBXBuildFile; fileRef = 6750B8741D50EE4D00A16DBA /* MMClientToken.swift */; };
		6750B8781D50FEB800A16DBA /* MMBaseSession.swift in Sources */ = {isa = PBXBuildFile; fileRef = 6750B8771D50FEB800A16DBA /* MMBaseSession.swift */; };
		6750B87A1D51036700A16DBA /* MMWebViewController.swift in Sources */ = {isa = PBXBuildFile; fileRef = 6750B8791D51036700A16DBA /* MMWebViewController.swift */; };
		6750B8851D5267BC00A16DBA /* MMTokenManager.swift in Sources */ = {isa = PBXBuildFile; fileRef = 6750B8841D5267BC00A16DBA /* MMTokenManager.swift */; };
		6750B8881D52691400A16DBA /* MMConstants.swift in Sources */ = {isa = PBXBuildFile; fileRef = 6750B8871D52691400A16DBA /* MMConstants.swift */; };
		6754B5741D4F236400F2069E /* SideNavigationController.swift in Sources */ = {isa = PBXBuildFile; fileRef = 6754B5731D4F236400F2069E /* SideNavigationController.swift */; };
		675549E61D526C12009DD711 /* MMUserToken.swift in Sources */ = {isa = PBXBuildFile; fileRef = 675549E51D526C12009DD711 /* MMUserToken.swift */; };
		6768CE111CF1C0180046700A /* MMTPathGenerator.swift in Sources */ = {isa = PBXBuildFile; fileRef = 6768CE101CF1C0180046700A /* MMTPathGenerator.swift */; };
		67778B211D53A1DB003D2B97 /* MMFoundationExtensions.swift in Sources */ = {isa = PBXBuildFile; fileRef = 67778B201D53A1DB003D2B97 /* MMFoundationExtensions.swift */; };
		67E093341CEB910200739046 /* AppDelegate.swift in Sources */ = {isa = PBXBuildFile; fileRef = 67E093331CEB910200739046 /* AppDelegate.swift */; };
		67E093361CEB910200739046 /* ViewController.swift in Sources */ = {isa = PBXBuildFile; fileRef = 67E093351CEB910200739046 /* ViewController.swift */; };
		67E093391CEB910200739046 /* Main.storyboard in Resources */ = {isa = PBXBuildFile; fileRef = 67E093371CEB910200739046 /* Main.storyboard */; };
		67E0933B1CEB910200739046 /* Assets.xcassets in Resources */ = {isa = PBXBuildFile; fileRef = 67E0933A1CEB910200739046 /* Assets.xcassets */; };
		67E0933E1CEB910200739046 /* LaunchScreen.storyboard in Resources */ = {isa = PBXBuildFile; fileRef = 67E0933C1CEB910200739046 /* LaunchScreen.storyboard */; };
		7407D43B1F630340C6B751B1 /* Pods_iMammoth_for_reddit.framework in Frameworks */ = {isa = PBXBuildFile; fileRef = 86817ECEDD6EE67FC6A72104 /* Pods_iMammoth_for_reddit.framework */; };
/* End PBXBuildFile section */

/* Begin PBXFileReference section */
		123E4BBED2E4AC2AC1904EA6 /* Pods-iMammoth for reddit.debug.xcconfig */ = {isa = PBXFileReference; includeInIndex = 1; lastKnownFileType = text.xcconfig; name = "Pods-iMammoth for reddit.debug.xcconfig"; path = "Pods/Target Support Files/Pods-iMammoth for reddit/Pods-iMammoth for reddit.debug.xcconfig"; sourceTree = "<group>"; };
		6750B8741D50EE4D00A16DBA /* MMClientToken.swift */ = {isa = PBXFileReference; fileEncoding = 4; lastKnownFileType = sourcecode.swift; path = MMClientToken.swift; sourceTree = "<group>"; };
		6750B8771D50FEB800A16DBA /* MMBaseSession.swift */ = {isa = PBXFileReference; fileEncoding = 4; lastKnownFileType = sourcecode.swift; path = MMBaseSession.swift; sourceTree = "<group>"; };
		6750B8791D51036700A16DBA /* MMWebViewController.swift */ = {isa = PBXFileReference; fileEncoding = 4; lastKnownFileType = sourcecode.swift; path = MMWebViewController.swift; sourceTree = "<group>"; };
		6750B8841D5267BC00A16DBA /* MMTokenManager.swift */ = {isa = PBXFileReference; fileEncoding = 4; lastKnownFileType = sourcecode.swift; path = MMTokenManager.swift; sourceTree = "<group>"; };
		6750B8871D52691400A16DBA /* MMConstants.swift */ = {isa = PBXFileReference; fileEncoding = 4; lastKnownFileType = sourcecode.swift; path = MMConstants.swift; sourceTree = "<group>"; };
		6754B5731D4F236400F2069E /* SideNavigationController.swift */ = {isa = PBXFileReference; fileEncoding = 4; lastKnownFileType = sourcecode.swift; path = SideNavigationController.swift; sourceTree = "<group>"; };
		675549E51D526C12009DD711 /* MMUserToken.swift */ = {isa = PBXFileReference; fileEncoding = 4; lastKnownFileType = sourcecode.swift; path = MMUserToken.swift; sourceTree = "<group>"; };
		6768CE101CF1C0180046700A /* MMTPathGenerator.swift */ = {isa = PBXFileReference; fileEncoding = 4; lastKnownFileType = sourcecode.swift; path = MMTPathGenerator.swift; sourceTree = "<group>"; };
		67778B201D53A1DB003D2B97 /* MMFoundationExtensions.swift */ = {isa = PBXFileReference; fileEncoding = 4; lastKnownFileType = sourcecode.swift; path = MMFoundationExtensions.swift; sourceTree = "<group>"; };
		67E093301CEB910200739046 /* iMammoth for reddit.app */ = {isa = PBXFileReference; explicitFileType = wrapper.application; includeInIndex = 0; path = "iMammoth for reddit.app"; sourceTree = BUILT_PRODUCTS_DIR; };
		67E093331CEB910200739046 /* AppDelegate.swift */ = {isa = PBXFileReference; lastKnownFileType = sourcecode.swift; path = AppDelegate.swift; sourceTree = "<group>"; };
		67E093351CEB910200739046 /* ViewController.swift */ = {isa = PBXFileReference; lastKnownFileType = sourcecode.swift; path = ViewController.swift; sourceTree = "<group>"; };
		67E093381CEB910200739046 /* Base */ = {isa = PBXFileReference; lastKnownFileType = file.storyboard; name = Base; path = Base.lproj/Main.storyboard; sourceTree = "<group>"; };
		67E0933A1CEB910200739046 /* Assets.xcassets */ = {isa = PBXFileReference; lastKnownFileType = folder.assetcatalog; path = Assets.xcassets; sourceTree = "<group>"; };
		67E0933D1CEB910200739046 /* Base */ = {isa = PBXFileReference; lastKnownFileType = file.storyboard; name = Base; path = Base.lproj/LaunchScreen.storyboard; sourceTree = "<group>"; };
		67E0933F1CEB910200739046 /* Info.plist */ = {isa = PBXFileReference; lastKnownFileType = text.plist.xml; path = Info.plist; sourceTree = "<group>"; };
		86817ECEDD6EE67FC6A72104 /* Pods_iMammoth_for_reddit.framework */ = {isa = PBXFileReference; explicitFileType = wrapper.framework; includeInIndex = 0; path = Pods_iMammoth_for_reddit.framework; sourceTree = BUILT_PRODUCTS_DIR; };
		9C7B3AC9F817DB203F484BC6 /* Pods-iMammoth for reddit.release.xcconfig */ = {isa = PBXFileReference; includeInIndex = 1; lastKnownFileType = text.xcconfig; name = "Pods-iMammoth for reddit.release.xcconfig"; path = "Pods/Target Support Files/Pods-iMammoth for reddit/Pods-iMammoth for reddit.release.xcconfig"; sourceTree = "<group>"; };
/* End PBXFileReference section */

/* Begin PBXFrameworksBuildPhase section */
		67E0932D1CEB910200739046 /* Frameworks */ = {
			isa = PBXFrameworksBuildPhase;
			buildActionMask = 2147483647;
			files = (
				7407D43B1F630340C6B751B1 /* Pods_iMammoth_for_reddit.framework in Frameworks */,
			);
			runOnlyForDeploymentPostprocessing = 0;
		};
/* End PBXFrameworksBuildPhase section */

/* Begin PBXGroup section */
		12551C26B4214976EC62B016 /* Frameworks */ = {
			isa = PBXGroup;
			children = (
				86817ECEDD6EE67FC6A72104 /* Pods_iMammoth_for_reddit.framework */,
			);
			name = Frameworks;
			sourceTree = "<group>";
		};
		6750B8731D50ED6C00A16DBA /* Model Objects */ = {
			isa = PBXGroup;
			children = (
				6750B8741D50EE4D00A16DBA /* MMClientToken.swift */,
				675549E51D526C12009DD711 /* MMUserToken.swift */,
			);
			name = "Model Objects";
			path = Model;
			sourceTree = "<group>";
		};
		6750B8761D50FCFF00A16DBA /* Network Manager */ = {
			isa = PBXGroup;
			children = (
				6750B8771D50FEB800A16DBA /* MMBaseSession.swift */,
			);
			path = "Network Manager";
			sourceTree = "<group>";
		};
		6750B8831D52679100A16DBA /* Token Manager */ = {
			isa = PBXGroup;
			children = (
				6750B8841D5267BC00A16DBA /* MMTokenManager.swift */,
			);
			path = "Token Manager";
			sourceTree = "<group>";
		};
		6750B8861D52690900A16DBA /* Constants */ = {
			isa = PBXGroup;
			children = (
				6750B8871D52691400A16DBA /* MMConstants.swift */,
			);
			path = Constants;
			sourceTree = "<group>";
		};
		6754B5721D4F234A00F2069E /* Navigation Controller */ = {
			isa = PBXGroup;
			children = (
				6754B5731D4F236400F2069E /* SideNavigationController.swift */,
			);
			path = "Navigation Controller";
			sourceTree = "<group>";
		};
		6768CE0D1CF1BE580046700A /* Paths */ = {
			isa = PBXGroup;
			children = (
				6768CE101CF1C0180046700A /* MMTPathGenerator.swift */,
			);
			name = Paths;
			path = API;
			sourceTree = "<group>";
		};
		67778B1F1D53A1C2003D2B97 /* Extensions */ = {
			isa = PBXGroup;
			children = (
				67778B201D53A1DB003D2B97 /* MMFoundationExtensions.swift */,
			);
			path = Extensions;
			sourceTree = "<group>";
		};
		67E093271CEB910200739046 = {
			isa = PBXGroup;
			children = (
				67E093321CEB910200739046 /* iMammoth for reddit */,
				67E093311CEB910200739046 /* Products */,
				C9E798E11BABC7802CA5922D /* Pods */,
				12551C26B4214976EC62B016 /* Frameworks */,
			);
			sourceTree = "<group>";
		};
		67E093311CEB910200739046 /* Products */ = {
			isa = PBXGroup;
			children = (
				67E093301CEB910200739046 /* iMammoth for reddit.app */,
			);
			name = Products;
			sourceTree = "<group>";
		};
		67E093321CEB910200739046 /* iMammoth for reddit */ = {
			isa = PBXGroup;
			children = (
				67E093331CEB910200739046 /* AppDelegate.swift */,
				67E093351CEB910200739046 /* ViewController.swift */,
				6750B8791D51036700A16DBA /* MMWebViewController.swift */,
				6754B5721D4F234A00F2069E /* Navigation Controller */,
				6750B8731D50ED6C00A16DBA /* Model Objects */,
				67778B1F1D53A1C2003D2B97 /* Extensions */,
				6750B8761D50FCFF00A16DBA /* Network Manager */,
				6750B8831D52679100A16DBA /* Token Manager */,
				6750B8861D52690900A16DBA /* Constants */,
				6768CE0D1CF1BE580046700A /* Paths */,
				67E093371CEB910200739046 /* Main.storyboard */,
				67E0933A1CEB910200739046 /* Assets.xcassets */,
				67E0933C1CEB910200739046 /* LaunchScreen.storyboard */,
				67E0933F1CEB910200739046 /* Info.plist */,
			);
			path = "iMammoth for reddit";
			sourceTree = "<group>";
		};
		C9E798E11BABC7802CA5922D /* Pods */ = {
			isa = PBXGroup;
			children = (
				123E4BBED2E4AC2AC1904EA6 /* Pods-iMammoth for reddit.debug.xcconfig */,
				9C7B3AC9F817DB203F484BC6 /* Pods-iMammoth for reddit.release.xcconfig */,
			);
			name = Pods;
			sourceTree = "<group>";
		};
/* End PBXGroup section */

/* Begin PBXNativeTarget section */
		67E0932F1CEB910200739046 /* iMammoth for reddit */ = {
			isa = PBXNativeTarget;
			buildConfigurationList = 67E093421CEB910200739046 /* Build configuration list for PBXNativeTarget "iMammoth for reddit" */;
			buildPhases = (
				B70D8AA6786EDACDE4B3EFFF /* [CP] Check Pods Manifest.lock */,
				67E0932C1CEB910200739046 /* Sources */,
				67E0932D1CEB910200739046 /* Frameworks */,
				67E0932E1CEB910200739046 /* Resources */,
				6CE5A2E49FD49517AEB2B997 /* [CP] Embed Pods Frameworks */,
				C1130DF35CEF8BB2F7EC3714 /* [CP] Copy Pods Resources */,
			);
			buildRules = (
			);
			dependencies = (
			);
			name = "iMammoth for reddit";
			productName = "iMammoth for reddit";
			productReference = 67E093301CEB910200739046 /* iMammoth for reddit.app */;
			productType = "com.apple.product-type.application";
		};
/* End PBXNativeTarget section */

/* Begin PBXProject section */
		67E093281CEB910200739046 /* Project object */ = {
			isa = PBXProject;
			attributes = {
				LastSwiftUpdateCheck = 0730;
				LastUpgradeCheck = 0730;
				ORGANIZATIONNAME = "KrishnaChaitanya Amjuri";
				TargetAttributes = {
					67E0932F1CEB910200739046 = {
						CreatedOnToolsVersion = 7.3.1;
						DevelopmentTeam = H8FD32ESP3;
					};
				};
			};
			buildConfigurationList = 67E0932B1CEB910200739046 /* Build configuration list for PBXProject "iMammoth for reddit" */;
			compatibilityVersion = "Xcode 3.2";
			developmentRegion = English;
			hasScannedForEncodings = 0;
			knownRegions = (
				en,
				Base,
			);
			mainGroup = 67E093271CEB910200739046;
			productRefGroup = 67E093311CEB910200739046 /* Products */;
			projectDirPath = "";
			projectRoot = "";
			targets = (
				67E0932F1CEB910200739046 /* iMammoth for reddit */,
			);
		};
/* End PBXProject section */

/* Begin PBXResourcesBuildPhase section */
		67E0932E1CEB910200739046 /* Resources */ = {
			isa = PBXResourcesBuildPhase;
			buildActionMask = 2147483647;
			files = (
				67E0933E1CEB910200739046 /* LaunchScreen.storyboard in Resources */,
				67E0933B1CEB910200739046 /* Assets.xcassets in Resources */,
				67E093391CEB910200739046 /* Main.storyboard in Resources */,
			);
			runOnlyForDeploymentPostprocessing = 0;
		};
/* End PBXResourcesBuildPhase section */

/* Begin PBXShellScriptBuildPhase section */
		6CE5A2E49FD49517AEB2B997 /* [CP] Embed Pods Frameworks */ = {
			isa = PBXShellScriptBuildPhase;
			buildActionMask = 2147483647;
			files = (
			);
			inputPaths = (
			);
			name = "[CP] Embed Pods Frameworks";
			outputPaths = (
			);
			runOnlyForDeploymentPostprocessing = 0;
			shellPath = /bin/sh;
			shellScript = "\"${SRCROOT}/Pods/Target Support Files/Pods-iMammoth for reddit/Pods-iMammoth for reddit-frameworks.sh\"\n";
			showEnvVarsInLog = 0;
		};
		B70D8AA6786EDACDE4B3EFFF /* [CP] Check Pods Manifest.lock */ = {
			isa = PBXShellScriptBuildPhase;
			buildActionMask = 2147483647;
			files = (
			);
			inputPaths = (
			);
			name = "[CP] Check Pods Manifest.lock";
			outputPaths = (
			);
			runOnlyForDeploymentPostprocessing = 0;
			shellPath = /bin/sh;
			shellScript = "diff \"${PODS_ROOT}/../Podfile.lock\" \"${PODS_ROOT}/Manifest.lock\" > /dev/null\nif [[ $? != 0 ]] ; then\n    cat << EOM\nerror: The sandbox is not in sync with the Podfile.lock. Run 'pod install' or update your CocoaPods installation.\nEOM\n    exit 1\nfi\n";
			showEnvVarsInLog = 0;
		};
		C1130DF35CEF8BB2F7EC3714 /* [CP] Copy Pods Resources */ = {
			isa = PBXShellScriptBuildPhase;
			buildActionMask = 2147483647;
			files = (
			);
			inputPaths = (
			);
			name = "[CP] Copy Pods Resources";
			outputPaths = (
			);
			runOnlyForDeploymentPostprocessing = 0;
			shellPath = /bin/sh;
			shellScript = "\"${SRCROOT}/Pods/Target Support Files/Pods-iMammoth for reddit/Pods-iMammoth for reddit-resources.sh\"\n";
			showEnvVarsInLog = 0;
		};
/* End PBXShellScriptBuildPhase section */

/* Begin PBXSourcesBuildPhase section */
		67E0932C1CEB910200739046 /* Sources */ = {
			isa = PBXSourcesBuildPhase;
			buildActionMask = 2147483647;
			files = (
				67E093361CEB910200739046 /* ViewController.swift in Sources */,
				6750B87A1D51036700A16DBA /* MMWebViewController.swift in Sources */,
				6754B5741D4F236400F2069E /* SideNavigationController.swift in Sources */,
				6750B8751D50EE4D00A16DBA /* MMClientToken.swift in Sources */,
				675549E61D526C12009DD711 /* MMUserToken.swift in Sources */,
				6768CE111CF1C0180046700A /* MMTPathGenerator.swift in Sources */,
				6750B8851D5267BC00A16DBA /* MMTokenManager.swift in Sources */,
				67E093341CEB910200739046 /* AppDelegate.swift in Sources */,
				67778B211D53A1DB003D2B97 /* MMFoundationExtensions.swift in Sources */,
				6750B8881D52691400A16DBA /* MMConstants.swift in Sources */,
				6750B8781D50FEB800A16DBA /* MMBaseSession.swift in Sources */,
			);
			runOnlyForDeploymentPostprocessing = 0;
		};
/* End PBXSourcesBuildPhase section */

/* Begin PBXVariantGroup section */
		67E093371CEB910200739046 /* Main.storyboard */ = {
			isa = PBXVariantGroup;
			children = (
				67E093381CEB910200739046 /* Base */,
			);
			name = Main.storyboard;
			sourceTree = "<group>";
		};
		67E0933C1CEB910200739046 /* LaunchScreen.storyboard */ = {
			isa = PBXVariantGroup;
			children = (
				67E0933D1CEB910200739046 /* Base */,
			);
			name = LaunchScreen.storyboard;
			sourceTree = "<group>";
		};
/* End PBXVariantGroup section */

/* Begin XCBuildConfiguration section */
		67E093401CEB910200739046 /* Debug */ = {
			isa = XCBuildConfiguration;
			buildSettings = {
				ALWAYS_SEARCH_USER_PATHS = NO;
				CLANG_ANALYZER_NONNULL = YES;
				CLANG_CXX_LANGUAGE_STANDARD = "gnu++0x";
				CLANG_CXX_LIBRARY = "libc++";
				CLANG_ENABLE_MODULES = YES;
				CLANG_ENABLE_OBJC_ARC = YES;
				CLANG_WARN_BOOL_CONVERSION = YES;
				CLANG_WARN_CONSTANT_CONVERSION = YES;
				CLANG_WARN_DIRECT_OBJC_ISA_USAGE = YES_ERROR;
				CLANG_WARN_EMPTY_BODY = YES;
				CLANG_WARN_ENUM_CONVERSION = YES;
				CLANG_WARN_INT_CONVERSION = YES;
				CLANG_WARN_OBJC_ROOT_CLASS = YES_ERROR;
				CLANG_WARN_UNREACHABLE_CODE = YES;
				CLANG_WARN__DUPLICATE_METHOD_MATCH = YES;
				"CODE_SIGN_IDENTITY[sdk=iphoneos*]" = "iPhone Developer";
				COPY_PHASE_STRIP = NO;
				DEBUG_INFORMATION_FORMAT = dwarf;
				ENABLE_STRICT_OBJC_MSGSEND = YES;
				ENABLE_TESTABILITY = YES;
				GCC_C_LANGUAGE_STANDARD = gnu99;
				GCC_DYNAMIC_NO_PIC = NO;
				GCC_NO_COMMON_BLOCKS = YES;
				GCC_OPTIMIZATION_LEVEL = 0;
				GCC_PREPROCESSOR_DEFINITIONS = (
					"DEBUG=1",
					"$(inherited)",
				);
				GCC_WARN_64_TO_32_BIT_CONVERSION = YES;
				GCC_WARN_ABOUT_RETURN_TYPE = YES_ERROR;
				GCC_WARN_UNDECLARED_SELECTOR = YES;
				GCC_WARN_UNINITIALIZED_AUTOS = YES_AGGRESSIVE;
				GCC_WARN_UNUSED_FUNCTION = YES;
				GCC_WARN_UNUSED_VARIABLE = YES;
				IPHONEOS_DEPLOYMENT_TARGET = 9.3;
				MTL_ENABLE_DEBUG_INFO = YES;
				ONLY_ACTIVE_ARCH = YES;
				SDKROOT = iphoneos;
				SWIFT_OPTIMIZATION_LEVEL = "-Onone";
			};
			name = Debug;
		};
		67E093411CEB910200739046 /* Release */ = {
			isa = XCBuildConfiguration;
			buildSettings = {
				ALWAYS_SEARCH_USER_PATHS = NO;
				CLANG_ANALYZER_NONNULL = YES;
				CLANG_CXX_LANGUAGE_STANDARD = "gnu++0x";
				CLANG_CXX_LIBRARY = "libc++";
				CLANG_ENABLE_MODULES = YES;
				CLANG_ENABLE_OBJC_ARC = YES;
				CLANG_WARN_BOOL_CONVERSION = YES;
				CLANG_WARN_CONSTANT_CONVERSION = YES;
				CLANG_WARN_DIRECT_OBJC_ISA_USAGE = YES_ERROR;
				CLANG_WARN_EMPTY_BODY = YES;
				CLANG_WARN_ENUM_CONVERSION = YES;
				CLANG_WARN_INT_CONVERSION = YES;
				CLANG_WARN_OBJC_ROOT_CLASS = YES_ERROR;
				CLANG_WARN_UNREACHABLE_CODE = YES;
				CLANG_WARN__DUPLICATE_METHOD_MATCH = YES;
				"CODE_SIGN_IDENTITY[sdk=iphoneos*]" = "iPhone Developer";
				COPY_PHASE_STRIP = NO;
				DEBUG_INFORMATION_FORMAT = "dwarf-with-dsym";
				ENABLE_NS_ASSERTIONS = NO;
				ENABLE_STRICT_OBJC_MSGSEND = YES;
				GCC_C_LANGUAGE_STANDARD = gnu99;
				GCC_NO_COMMON_BLOCKS = YES;
				GCC_WARN_64_TO_32_BIT_CONVERSION = YES;
				GCC_WARN_ABOUT_RETURN_TYPE = YES_ERROR;
				GCC_WARN_UNDECLARED_SELECTOR = YES;
				GCC_WARN_UNINITIALIZED_AUTOS = YES_AGGRESSIVE;
				GCC_WARN_UNUSED_FUNCTION = YES;
				GCC_WARN_UNUSED_VARIABLE = YES;
				IPHONEOS_DEPLOYMENT_TARGET = 9.3;
				MTL_ENABLE_DEBUG_INFO = NO;
				SDKROOT = iphoneos;
				VALIDATE_PRODUCT = YES;
			};
			name = Release;
		};
		67E093431CEB910200739046 /* Debug */ = {
			isa = XCBuildConfiguration;
			baseConfigurationReference = 123E4BBED2E4AC2AC1904EA6 /* Pods-iMammoth for reddit.debug.xcconfig */;
			buildSettings = {
				ASSETCATALOG_COMPILER_APPICON_NAME = AppIcon;
				CODE_SIGN_IDENTITY = "iPhone Developer";
				"CODE_SIGN_IDENTITY[sdk=iphoneos*]" = "iPhone Developer";
				DEBUG_INFORMATION_FORMAT = "dwarf-with-dsym";
				INFOPLIST_FILE = "iMammoth for reddit/Info.plist";
				IPHONEOS_DEPLOYMENT_TARGET = 8.0;
				LD_RUNPATH_SEARCH_PATHS = "$(inherited) @executable_path/Frameworks";
				PRODUCT_BUNDLE_IDENTIFIER = "com.KrishnaCA.iMammoth-for-reddit";
				PRODUCT_NAME = "$(TARGET_NAME)";
				PROVISIONING_PROFILE = "";
			};
			name = Debug;
		};
		67E093441CEB910200739046 /* Release */ = {
			isa = XCBuildConfiguration;
			baseConfigurationReference = 9C7B3AC9F817DB203F484BC6 /* Pods-iMammoth for reddit.release.xcconfig */;
			buildSettings = {
				ASSETCATALOG_COMPILER_APPICON_NAME = AppIcon;
				CODE_SIGN_IDENTITY = "iPhone Developer";
				"CODE_SIGN_IDENTITY[sdk=iphoneos*]" = "iPhone Developer";
				INFOPLIST_FILE = "iMammoth for reddit/Info.plist";
				IPHONEOS_DEPLOYMENT_TARGET = 8.0;
				LD_RUNPATH_SEARCH_PATHS = "$(inherited) @executable_path/Frameworks";
				PRODUCT_BUNDLE_IDENTIFIER = "com.KrishnaCA.iMammoth-for-reddit";
				PRODUCT_NAME = "$(TARGET_NAME)";
				PROVISIONING_PROFILE = "";
			};
			name = Release;
		};
/* End XCBuildConfiguration section */

/* Begin XCConfigurationList section */
		67E0932B1CEB910200739046 /* Build configuration list for PBXProject "iMammoth for reddit" */ = {
			isa = XCConfigurationList;
			buildConfigurations = (
				67E093401CEB910200739046 /* Debug */,
				67E093411CEB910200739046 /* Release */,
			);
			defaultConfigurationIsVisible = 0;
			defaultConfigurationName = Release;
		};
		67E093421CEB910200739046 /* Build configuration list for PBXNativeTarget "iMammoth for reddit" */ = {
			isa = XCConfigurationList;
			buildConfigurations = (
				67E093431CEB910200739046 /* Debug */,
				67E093441CEB910200739046 /* Release */,
			);
			defaultConfigurationIsVisible = 0;
			defaultConfigurationName = Release;
		};
/* End XCConfigurationList section */
	};
	rootObject = 67E093281CEB910200739046 /* Project object */;
}
